<?xml version="1.0" encoding="utf-8"?>
<Project ToolsVersion="4.0" xmlns="http://schemas.microsoft.com/developer/msbuild/2003">
  <ItemGroup>
    <ClCompile Include="main.cpp" />
    <ClCompile Include="Block.cpp">
      <Filter>TileSystem</Filter>
    </ClCompile>
    <ClCompile Include="AstarScene.cpp">
      <Filter>Scene</Filter>
    </ClCompile>
    <ClCompile Include="BattleScene.cpp">
      <Filter>Scene</Filter>
    </ClCompile>
    <ClCompile Include="Button.cpp">
      <Filter>InputSystem &amp; UI</Filter>
    </ClCompile>
    <ClCompile Include="Event.cpp">
      <Filter>Event</Filter>
    </ClCompile>
    <ClCompile Include="EventData.cpp">
      <Filter>Event</Filter>
    </ClCompile>
    <ClCompile Include="EventManager.cpp">
      <Filter>Event</Filter>
    </ClCompile>
    <ClCompile Include="Monster.cpp">
      <Filter>Monster</Filter>
    </ClCompile>
    <ClCompile Include="Player.cpp">
      <Filter>Player</Filter>
    </ClCompile>
    <ClCompile Include="PlayerManager.cpp">
      <Filter>Player</Filter>
    </ClCompile>
    <ClCompile Include="PositionManager.cpp">
      <Filter>TileSystem</Filter>
    </ClCompile>
    <ClCompile Include="Tile.cpp">
      <Filter>TileSystem</Filter>
    </ClCompile>
    <ClCompile Include="TileActor.cpp">
      <Filter>TileSystem</Filter>
    </ClCompile>
    <ClCompile Include="TileCharacter.cpp">
      <Filter>TileSystem</Filter>
    </ClCompile>
    <ClCompile Include="TilemapTool.cpp">
      <Filter>TileSystem</Filter>
    </ClCompile>
    <ClCompile Include="UIBase.cpp">
      <Filter>InputSystem &amp; UI\UI</Filter>
    </ClCompile>
    <ClCompile Include="UIManager.cpp">
      <Filter>InputSystem &amp; UI\UI</Filter>
    </ClCompile>
    <ClCompile Include="BeatMarkerManager.cpp">
      <Filter>InputSystem &amp; UI\UI\BeatMarker</Filter>
    </ClCompile>
    <ClCompile Include="BeatMarker.cpp">
      <Filter>InputSystem &amp; UI\UI\BeatMarker</Filter>
    </ClCompile>
    <ClCompile Include="BeatHeart.cpp">
      <Filter>InputSystem &amp; UI\UI\BeatMarker</Filter>
    </ClCompile>
    <ClCompile Include="Tilemap.cpp">
      <Filter>TileSystem</Filter>
    </ClCompile>
    <ClCompile Include="Trap.cpp">
      <Filter>TileSystem</Filter>
    </ClCompile>
    <ClCompile Include="TilemapGenerator.cpp">
      <Filter>TileSystem</Filter>
    </ClCompile>
    <ClCompile Include="MonsterManager.cpp">
      <Filter>Monster</Filter>
    </ClCompile>
    <ClCompile Include="MainGame.cpp" />
    <ClCompile Include="TileItem.cpp">
      <Filter>Item</Filter>
    </ClCompile>
    <ClCompile Include="Weapon.cpp">
      <Filter>Item</Filter>
    </ClCompile>
    <ClCompile Include="WeaponMaterial.cpp">
      <Filter>Item</Filter>
    </ClCompile>
    <ClCompile Include="IPlayerObserver.cpp">
      <Filter>Player</Filter>
    </ClCompile>
    <ClCompile Include="ItemGold.cpp">
      <Filter>Item</Filter>
    </ClCompile>
    <ClCompile Include="ItemBomb.cpp">
      <Filter>Item</Filter>
    </ClCompile>
    <ClCompile Include="ItemSpawner.cpp">
      <Filter>Item</Filter>
    </ClCompile>
    <ClCompile Include="PlayerWallet.cpp">
      <Filter>InputSystem &amp; UI\UI\PlayerWallet</Filter>
    </ClCompile>
    <ClCompile Include="ItemNumUI.cpp">
      <Filter>InputSystem &amp; UI\UI</Filter>
    </ClCompile>
    <ClCompile Include="PlayerHp.cpp">
      <Filter>InputSystem &amp; UI\UI\PlayerHp</Filter>
    </ClCompile>
    <ClCompile Include="Shovel.cpp">
      <Filter>Item</Filter>
    </ClCompile>
    <ClCompile Include="TileActorRenderer.cpp" />
    <ClCompile Include="BossMonster.cpp">
      <Filter>Monster</Filter>
    </ClCompile>
    <ClCompile Include="LevelManager.cpp" />
    <ClCompile Include="MultipleGoldUI.cpp">
      <Filter>InputSystem &amp; UI\UI</Filter>
    </ClCompile>
    <ClCompile Include="Torch.cpp">
      <Filter>TileSystem</Filter>
    </ClCompile>
    <ClCompile Include="IntroScene.cpp">
      <Filter>Scene\IntroScene</Filter>
    </ClCompile>
    <ClCompile Include="LobbyScene.cpp">
      <Filter>Scene\GamePlayScene</Filter>
    </ClCompile>
    <ClCompile Include="LevelScene.cpp">
      <Filter>Scene\GamePlayScene</Filter>
    </ClCompile>
    <ClCompile Include="LoadingScene.cpp">
      <Filter>Scene</Filter>
    </ClCompile>
    <ClCompile Include="MainMenuScene.cpp">
      <Filter>Scene\IntroScene</Filter>
    </ClCompile>
    <ClCompile Include="BombAttack.cpp">
      <Filter>Item</Filter>
    </ClCompile>
    <ClCompile Include="EffectManager.cpp" />
    <ClCompile Include="Effect.cpp" />
    <ClCompile Include="BombEffect.cpp" />
    <ClCompile Include="ShadowCasting.cpp">
      <Filter>ShadowCasting</Filter>
    </ClCompile>
    <ClCompile Include="BeatManager.cpp">
      <Filter>InputSystem &amp; UI\BeatManager</Filter>
    </ClCompile>
    <ClCompile Include="Camera.cpp">
      <Filter>2D Framework\Camera</Filter>
    </ClCompile>
    <ClCompile Include="CollisionManager.cpp">
      <Filter>2D Framework\CollisionManager</Filter>
    </ClCompile>
    <ClCompile Include="GameActor.cpp">
      <Filter>2D Framework\GameObject</Filter>
    </ClCompile>
    <ClCompile Include="GameObject.cpp">
      <Filter>2D Framework\GameObject</Filter>
    </ClCompile>
    <ClCompile Include="Image.cpp">
      <Filter>2D Framework\ImageManager</Filter>
    </ClCompile>
    <ClCompile Include="ImageManager.cpp">
      <Filter>2D Framework\ImageManager</Filter>
    </ClCompile>
    <ClCompile Include="KeyManager.cpp">
      <Filter>2D Framework\KeyManager</Filter>
    </ClCompile>
    <ClCompile Include="SceneManager.cpp">
      <Filter>2D Framework\SceneManager</Filter>
    </ClCompile>
    <ClCompile Include="Timer.cpp">
      <Filter>2D Framework\TimerManager</Filter>
    </ClCompile>
    <ClCompile Include="TimerManager.cpp">
      <Filter>2D Framework\TimerManager</Filter>
    </ClCompile>
    <ClCompile Include="SoundManager.cpp">
      <Filter>2D Framework\SoundManager</Filter>
    </ClCompile>
  </ItemGroup>
  <ItemGroup>
    <ClInclude Include="MainGame.h" />
    <ClInclude Include="Block.h">
      <Filter>TileSystem</Filter>
    </ClInclude>
    <ClInclude Include="AstarScene.h">
      <Filter>Scene</Filter>
    </ClInclude>
    <ClInclude Include="BattleScene.h">
      <Filter>Scene</Filter>
    </ClInclude>
    <ClInclude Include="ActorDef.h">
      <Filter>헤더 파일</Filter>
    </ClInclude>
    <ClInclude Include="Button.h">
      <Filter>InputSystem &amp; UI</Filter>
    </ClInclude>
    <ClInclude Include="CommonFunction.h">
      <Filter>헤더 파일</Filter>
    </ClInclude>
    <ClInclude Include="config.h">
      <Filter>헤더 파일</Filter>
    </ClInclude>
    <ClInclude Include="Event.h">
      <Filter>Event</Filter>
    </ClInclude>
    <ClInclude Include="EventData.h">
      <Filter>Event</Filter>
    </ClInclude>
    <ClInclude Include="EventManager.h">
      <Filter>Event</Filter>
    </ClInclude>
    <ClInclude Include="ObjectPool.h">
      <Filter>2D Framework</Filter>
    </ClInclude>
    <ClInclude Include="LoadingScene.h">
      <Filter>Scene</Filter>
    </ClInclude>
    <ClInclude Include="Monster.h">
      <Filter>Monster</Filter>
    </ClInclude>
    <ClInclude Include="Player.h">
      <Filter>Player</Filter>
    </ClInclude>
    <ClInclude Include="PlayerManager.h">
      <Filter>Player</Filter>
    </ClInclude>
    <ClInclude Include="PositionManager.h">
      <Filter>TileSystem</Filter>
    </ClInclude>
    <ClInclude Include="Singleton.h">
      <Filter>2D Framework</Filter>
    </ClInclude>
    <ClInclude Include="Tile.h">
      <Filter>TileSystem</Filter>
    </ClInclude>
    <ClInclude Include="TileActor.h">
      <Filter>TileSystem</Filter>
    </ClInclude>
    <ClInclude Include="TileCharacter.h">
      <Filter>TileSystem</Filter>
    </ClInclude>
    <ClInclude Include="TilemapTool.h">
      <Filter>TileSystem</Filter>
    </ClInclude>
    <ClInclude Include="UIBase.h">
      <Filter>InputSystem &amp; UI\UI</Filter>
    </ClInclude>
    <ClInclude Include="UIManager.h">
      <Filter>InputSystem &amp; UI\UI</Filter>
    </ClInclude>
    <ClInclude Include="BeatMarkerManager.h">
      <Filter>InputSystem &amp; UI\UI\BeatMarker</Filter>
    </ClInclude>
    <ClInclude Include="BeatMarker.h">
      <Filter>InputSystem &amp; UI\UI\BeatMarker</Filter>
    </ClInclude>
    <ClInclude Include="BeatHeart.h">
      <Filter>InputSystem &amp; UI\UI\BeatMarker</Filter>
    </ClInclude>
    <ClInclude Include="IPlayerObserver.h">
      <Filter>Player</Filter>
    </ClInclude>
    <ClInclude Include="ObservableValue.h">
      <Filter>헤더 파일</Filter>
    </ClInclude>
    <ClInclude Include="Tilemap.h">
      <Filter>TileSystem</Filter>
    </ClInclude>
    <ClInclude Include="Trap.h">
      <Filter>TileSystem</Filter>
    </ClInclude>
    <ClInclude Include="TilemapGenerator.h">
      <Filter>TileSystem</Filter>
    </ClInclude>
    <ClInclude Include="MonsterManager.h">
      <Filter>Monster</Filter>
    </ClInclude>
    <ClInclude Include="TileItem.h">
      <Filter>Item</Filter>
    </ClInclude>
    <ClInclude Include="Weapon.h">
      <Filter>Item</Filter>
    </ClInclude>
    <ClInclude Include="WeaponMaterial.h">
      <Filter>Item</Filter>
    </ClInclude>
    <ClInclude Include="ItemGold.h">
      <Filter>Item</Filter>
    </ClInclude>
    <ClInclude Include="ItemBomb.h">
      <Filter>Item</Filter>
    </ClInclude>
    <ClInclude Include="ItemSpawner.h">
      <Filter>Item</Filter>
    </ClInclude>
    <ClInclude Include="IRendableTileActor.h">
      <Filter>TileSystem</Filter>
    </ClInclude>
    <ClInclude Include="PlayerWallet.h">
      <Filter>InputSystem &amp; UI\UI\PlayerWallet</Filter>
    </ClInclude>
    <ClInclude Include="ItemNumUI.h">
      <Filter>InputSystem &amp; UI\UI</Filter>
    </ClInclude>
    <ClInclude Include="PlayerHp.h">
      <Filter>InputSystem &amp; UI\UI\PlayerHp</Filter>
    </ClInclude>
    <ClInclude Include="Shovel.h">
      <Filter>Item</Filter>
    </ClInclude>
    <ClInclude Include="TileActorRenderer.h" />
    <ClInclude Include="BossMonster.h">
      <Filter>Monster</Filter>
    </ClInclude>
    <ClInclude Include="LevelManager.h" />
    <ClInclude Include="MultipleGoldUI.h">
      <Filter>InputSystem &amp; UI\UI</Filter>
    </ClInclude>
    <ClInclude Include="Torch.h">
      <Filter>TileSystem</Filter>
    </ClInclude>
    <ClInclude Include="IntroScene.h">
      <Filter>Scene\IntroScene</Filter>
    </ClInclude>
    <ClInclude Include="LobbyScene.h">
      <Filter>Scene\GamePlayScene</Filter>
    </ClInclude>
    <ClInclude Include="LevelScene.h">
      <Filter>Scene\GamePlayScene</Filter>
    </ClInclude>
    <ClInclude Include="LoadingScene.h">
      <Filter>Scene</Filter>
    </ClInclude>
    <ClInclude Include="MainMenuScene.h">
      <Filter>Scene\IntroScene</Filter>
    </ClInclude>
    <ClInclude Include="BombAttack.h">
      <Filter>Item</Filter>
    </ClInclude>
    <ClInclude Include="EffectManager.h" />
    <ClInclude Include="Effect.h" />
    <ClInclude Include="BombEffect.h" />
    <ClInclude Include="ShadowCasting.h">
      <Filter>ShadowCasting</Filter>
    </ClInclude>
    <ClInclude Include="BeatManager.h">
      <Filter>InputSystem &amp; UI\BeatManager</Filter>
    </ClInclude>
    <ClInclude Include="Camera.h">
      <Filter>2D Framework\Camera</Filter>
    </ClInclude>
    <ClInclude Include="CollisionManager.h">
      <Filter>2D Framework\CollisionManager</Filter>
    </ClInclude>
    <ClInclude Include="GameObject.h">
      <Filter>2D Framework\GameObject</Filter>
    </ClInclude>
    <ClInclude Include="GameActor.h">
      <Filter>2D Framework\GameObject</Filter>
    </ClInclude>
    <ClInclude Include="Image.h">
      <Filter>2D Framework\ImageManager</Filter>
    </ClInclude>
    <ClInclude Include="ImageManager.h">
      <Filter>2D Framework\ImageManager</Filter>
    </ClInclude>
    <ClInclude Include="KeyManager.h">
      <Filter>2D Framework\KeyManager</Filter>
    </ClInclude>
    <ClInclude Include="SceneManager.h">
      <Filter>2D Framework\SceneManager</Filter>
    </ClInclude>
    <ClInclude Include="Timer.h">
      <Filter>2D Framework\TimerManager</Filter>
    </ClInclude>
    <ClInclude Include="TimerManager.h">
      <Filter>2D Framework\TimerManager</Filter>
    </ClInclude>
    <ClInclude Include="SoundManager.h">
      <Filter>2D Framework\SoundManager</Filter>
    </ClInclude>
  </ItemGroup>
  <ItemGroup>
    <Filter Include="2D Framework">
      <UniqueIdentifier>{3cbd576d-b105-42c6-9b3a-a5a5b0396120}</UniqueIdentifier>
    </Filter>
    <Filter Include="Scene">
      <UniqueIdentifier>{6bfd69e9-2219-47e6-afd6-3116bc81c3c4}</UniqueIdentifier>
    </Filter>
    <Filter Include="Player">
      <UniqueIdentifier>{b1bc16fa-e9c8-44d2-86b8-9fbfcd521555}</UniqueIdentifier>
    </Filter>
    <Filter Include="Monster">
      <UniqueIdentifier>{02bf4d56-411d-447c-81ec-c7b4964315a9}</UniqueIdentifier>
    </Filter>
    <Filter Include="InputSystem &amp; UI">
      <UniqueIdentifier>{b0074f36-94bf-4889-acd6-453e3cd3036b}</UniqueIdentifier>
    </Filter>
    <Filter Include="헤더 파일">
      <UniqueIdentifier>{2c2840ba-8e18-4e00-a3ca-7836a9a92981}</UniqueIdentifier>
    </Filter>
    <Filter Include="소스 파일">
      <UniqueIdentifier>{35224445-7bcc-4055-9784-c751c402af6a}</UniqueIdentifier>
    </Filter>
    <Filter Include="Event">
      <UniqueIdentifier>{f95fe28e-ad92-4e17-963c-bfbacc976340}</UniqueIdentifier>
    </Filter>
    <Filter Include="TileSystem">
      <UniqueIdentifier>{174d20bd-4004-4934-8bda-148319679eaf}</UniqueIdentifier>
    </Filter>
    <Filter Include="InputSystem &amp; UI\UI">
      <UniqueIdentifier>{b9adaf7d-7702-426f-92d4-70aa0cb806df}</UniqueIdentifier>
    </Filter>
    <Filter Include="InputSystem &amp; UI\UI\BeatMarker">
      <UniqueIdentifier>{02624fd1-0262-4caf-91ab-f28cf4881a84}</UniqueIdentifier>
    </Filter>
    <Filter Include="Item">
      <UniqueIdentifier>{13233eb5-16f7-44f1-9133-946380d77cd9}</UniqueIdentifier>
    </Filter>
    <Filter Include="InputSystem &amp; UI\UI\PlayerWallet">
      <UniqueIdentifier>{7523363a-f3c5-4c1a-9dcb-8464fe0e3bd4}</UniqueIdentifier>
    </Filter>
    <Filter Include="InputSystem &amp; UI\UI\PlayerHp">
      <UniqueIdentifier>{ec7eb17e-bc77-4493-af48-f5e38ca8622a}</UniqueIdentifier>
    </Filter>
    <Filter Include="ShadowCasting">
      <UniqueIdentifier>{d3c61cff-6808-4575-8851-ed460f807ee4}</UniqueIdentifier>
    </Filter>
    <Filter Include="InputSystem &amp; UI\BeatManager">
      <UniqueIdentifier>{af665398-191f-44cd-8be9-f5af0637e26c}</UniqueIdentifier>
    </Filter>
    <Filter Include="2D Framework\TimerManager">
      <UniqueIdentifier>{97cc1134-8424-4a68-934d-3c06531e99ce}</UniqueIdentifier>
    </Filter>
    <Filter Include="2D Framework\GameObject">
      <UniqueIdentifier>{4a87551b-b6a1-4ec6-8726-2eede9ff3a23}</UniqueIdentifier>
    </Filter>
    <Filter Include="2D Framework\SoundManager">
      <UniqueIdentifier>{655fb900-86b0-4b6d-b24f-a9a91a47bfa5}</UniqueIdentifier>
    </Filter>
    <Filter Include="2D Framework\SceneManager">
      <UniqueIdentifier>{e7831c83-e7ec-41b6-9852-fe764ce19a6c}</UniqueIdentifier>
    </Filter>
    <Filter Include="2D Framework\Camera">
      <UniqueIdentifier>{a8eaf1de-3362-459e-a856-eb0bf9d92ce4}</UniqueIdentifier>
    </Filter>
    <Filter Include="2D Framework\CollisionManager">
      <UniqueIdentifier>{24b79efa-e342-47f0-a867-6690d7b4e0c1}</UniqueIdentifier>
    </Filter>
    <Filter Include="Scene\IntroScene">
      <UniqueIdentifier>{5a82e0ae-715c-48e9-89ea-f5ba84677a4a}</UniqueIdentifier>
    </Filter>
    <Filter Include="Scene\GamePlayScene">
      <UniqueIdentifier>{11c5a51b-188c-4447-b226-b007256b8822}</UniqueIdentifier>
    </Filter>
    <Filter Include="2D Framework\KeyManager">
      <UniqueIdentifier>{d40b88ed-16e9-42cc-9933-4854b0625d6f}</UniqueIdentifier>
    </Filter>
    <Filter Include="2D Framework\ImageManager">
      <UniqueIdentifier>{1978390e-73c6-430f-9d73-aac79542c268}</UniqueIdentifier>
    </Filter>
  </ItemGroup>
</Project>