<?xml version="1.0" encoding="utf-8"?>
<Project ToolsVersion="4.0" xmlns="http://schemas.microsoft.com/developer/msbuild/2003">
  <ItemGroup>
    <ClCompile Include="main.cpp" />
    <ClCompile Include="Block.cpp">
      <Filter>TileSystem</Filter>
    </ClCompile>
    <ClCompile Include="Camera.cpp">
      <Filter>2D Framework</Filter>
    </ClCompile>
    <ClCompile Include="CollisionManager.cpp">
      <Filter>2D Framework</Filter>
    </ClCompile>
    <ClCompile Include="AstarScene.cpp">
      <Filter>Scene</Filter>
    </ClCompile>
    <ClCompile Include="BattleScene.cpp">
      <Filter>Scene</Filter>
    </ClCompile>
    <ClCompile Include="BeatManager.cpp">
      <Filter>InputSystem &amp; UI</Filter>
    </ClCompile>
    <ClCompile Include="Button.cpp">
      <Filter>InputSystem &amp; UI</Filter>
    </ClCompile>
    <ClCompile Include="Event.cpp">
      <Filter>Event</Filter>
    </ClCompile>
    <ClCompile Include="EventData.cpp">
      <Filter>Event</Filter>
    </ClCompile>
    <ClCompile Include="EventManager.cpp">
      <Filter>Event</Filter>
    </ClCompile>
    <ClCompile Include="Image.cpp">
      <Filter>2D Framework</Filter>
    </ClCompile>
    <ClCompile Include="ImageManager.cpp">
      <Filter>2D Framework</Filter>
    </ClCompile>
    <ClCompile Include="KeyManager.cpp">
      <Filter>2D Framework</Filter>
    </ClCompile>
    <ClCompile Include="GameActor.cpp">
      <Filter>2D Framework</Filter>
    </ClCompile>
    <ClCompile Include="GameObject.cpp">
      <Filter>2D Framework</Filter>
    </ClCompile>
    <ClCompile Include="LoadingScene.cpp">
      <Filter>Scene</Filter>
    </ClCompile>
    <ClCompile Include="Monster.cpp">
      <Filter>Monster</Filter>
    </ClCompile>
    <ClCompile Include="Player.cpp">
      <Filter>Player</Filter>
    </ClCompile>
    <ClCompile Include="PlayerManager.cpp">
      <Filter>Player</Filter>
    </ClCompile>
    <ClCompile Include="PositionManager.cpp">
      <Filter>TileSystem</Filter>
    </ClCompile>
    <ClCompile Include="SceneManager.cpp">
      <Filter>2D Framework</Filter>
    </ClCompile>
    <ClCompile Include="SoundManager.cpp">
      <Filter>2D Framework</Filter>
    </ClCompile>
    <ClCompile Include="Tile.cpp">
      <Filter>TileSystem</Filter>
    </ClCompile>
    <ClCompile Include="TileActor.cpp">
      <Filter>TileSystem</Filter>
    </ClCompile>
    <ClCompile Include="TileCharacter.cpp">
      <Filter>TileSystem</Filter>
    </ClCompile>
    <ClCompile Include="TilemapTool.cpp">
      <Filter>TileSystem</Filter>
    </ClCompile>
    <ClCompile Include="Timer.cpp">
      <Filter>2D Framework</Filter>
    </ClCompile>
    <ClCompile Include="TimerManager.cpp">
      <Filter>2D Framework</Filter>
    </ClCompile>
    <ClCompile Include="UIBase.cpp">
      <Filter>InputSystem &amp; UI\UI</Filter>
    </ClCompile>
    <ClCompile Include="UIManager.cpp">
      <Filter>InputSystem &amp; UI\UI</Filter>
    </ClCompile>
    <ClCompile Include="BeatMarkerManager.cpp">
      <Filter>InputSystem &amp; UI\UI\BeatMarker</Filter>
    </ClCompile>
    <ClCompile Include="BeatMarker.cpp">
      <Filter>InputSystem &amp; UI\UI\BeatMarker</Filter>
    </ClCompile>
    <ClCompile Include="BeatHeart.cpp">
      <Filter>InputSystem &amp; UI\UI\BeatMarker</Filter>
    </ClCompile>
    <ClCompile Include="LobbyScene.cpp">
      <Filter>Scene</Filter>
    </ClCompile>
    <ClCompile Include="Tilemap.cpp">
      <Filter>TileSystem</Filter>
    </ClCompile>
    <ClCompile Include="Trap.cpp">
      <Filter>TileSystem</Filter>
    </ClCompile>
    <ClCompile Include="TilemapGenerator.cpp">
      <Filter>TileSystem</Filter>
    </ClCompile>
    <ClCompile Include="MonsterManager.cpp">
      <Filter>Monster</Filter>
    </ClCompile>
    <ClCompile Include="MainGame.cpp" />
    <ClCompile Include="TileItem.cpp">
      <Filter>Item</Filter>
    </ClCompile>
    <ClCompile Include="Weapon.cpp">
      <Filter>Item</Filter>
    </ClCompile>
    <ClCompile Include="WeaponMaterial.cpp">
      <Filter>Item</Filter>
    </ClCompile>
    <ClCompile Include="IPlayerObserver.cpp">
      <Filter>Player</Filter>
    </ClCompile>
    <ClCompile Include="ItemGold.cpp">
      <Filter>Item</Filter>
    </ClCompile>
    <ClCompile Include="ItemBomb.cpp">
      <Filter>Item</Filter>
    </ClCompile>
    <ClCompile Include="ItemSpawner.cpp">
      <Filter>Item</Filter>
    </ClCompile>
  </ItemGroup>
  <ItemGroup>
    <ClInclude Include="MainGame.h" />
    <ClInclude Include="Block.h">
      <Filter>TileSystem</Filter>
    </ClInclude>
    <ClInclude Include="Camera.h">
      <Filter>2D Framework</Filter>
    </ClInclude>
    <ClInclude Include="CollisionManager.h">
      <Filter>2D Framework</Filter>
    </ClInclude>
    <ClInclude Include="AstarScene.h">
      <Filter>Scene</Filter>
    </ClInclude>
    <ClInclude Include="BattleScene.h">
      <Filter>Scene</Filter>
    </ClInclude>
    <ClInclude Include="ActorDef.h">
      <Filter>헤더 파일</Filter>
    </ClInclude>
    <ClInclude Include="BeatManager.h">
      <Filter>InputSystem &amp; UI</Filter>
    </ClInclude>
    <ClInclude Include="Button.h">
      <Filter>InputSystem &amp; UI</Filter>
    </ClInclude>
    <ClInclude Include="CommonFunction.h">
      <Filter>헤더 파일</Filter>
    </ClInclude>
    <ClInclude Include="config.h">
      <Filter>헤더 파일</Filter>
    </ClInclude>
    <ClInclude Include="Event.h">
      <Filter>Event</Filter>
    </ClInclude>
    <ClInclude Include="EventData.h">
      <Filter>Event</Filter>
    </ClInclude>
    <ClInclude Include="EventManager.h">
      <Filter>Event</Filter>
    </ClInclude>
    <ClInclude Include="Image.h">
      <Filter>2D Framework</Filter>
    </ClInclude>
    <ClInclude Include="ImageManager.h">
      <Filter>2D Framework</Filter>
    </ClInclude>
    <ClInclude Include="KeyManager.h">
      <Filter>2D Framework</Filter>
    </ClInclude>
    <ClInclude Include="ObjectPool.h">
      <Filter>2D Framework</Filter>
    </ClInclude>
    <ClInclude Include="GameActor.h">
      <Filter>2D Framework</Filter>
    </ClInclude>
    <ClInclude Include="GameObject.h">
      <Filter>2D Framework</Filter>
    </ClInclude>
    <ClInclude Include="LoadingScene.h">
      <Filter>Scene</Filter>
    </ClInclude>
    <ClInclude Include="Monster.h">
      <Filter>Monster</Filter>
    </ClInclude>
    <ClInclude Include="Player.h">
      <Filter>Player</Filter>
    </ClInclude>
    <ClInclude Include="PlayerManager.h">
      <Filter>Player</Filter>
    </ClInclude>
    <ClInclude Include="PositionManager.h">
      <Filter>TileSystem</Filter>
    </ClInclude>
    <ClInclude Include="SceneManager.h">
      <Filter>2D Framework</Filter>
    </ClInclude>
    <ClInclude Include="Singleton.h">
      <Filter>2D Framework</Filter>
    </ClInclude>
    <ClInclude Include="SoundManager.h">
      <Filter>2D Framework</Filter>
    </ClInclude>
    <ClInclude Include="Tile.h">
      <Filter>TileSystem</Filter>
    </ClInclude>
    <ClInclude Include="TileActor.h">
      <Filter>TileSystem</Filter>
    </ClInclude>
    <ClInclude Include="TileCharacter.h">
      <Filter>TileSystem</Filter>
    </ClInclude>
    <ClInclude Include="TilemapTool.h">
      <Filter>TileSystem</Filter>
    </ClInclude>
    <ClInclude Include="Timer.h">
      <Filter>2D Framework</Filter>
    </ClInclude>
    <ClInclude Include="TimerManager.h">
      <Filter>2D Framework</Filter>
    </ClInclude>
    <ClInclude Include="UIBase.h">
      <Filter>InputSystem &amp; UI\UI</Filter>
    </ClInclude>
    <ClInclude Include="UIManager.h">
      <Filter>InputSystem &amp; UI\UI</Filter>
    </ClInclude>
    <ClInclude Include="BeatMarkerManager.h">
      <Filter>InputSystem &amp; UI\UI\BeatMarker</Filter>
    </ClInclude>
    <ClInclude Include="BeatMarker.h">
      <Filter>InputSystem &amp; UI\UI\BeatMarker</Filter>
    </ClInclude>
    <ClInclude Include="BeatHeart.h">
      <Filter>InputSystem &amp; UI\UI\BeatMarker</Filter>
    </ClInclude>
    <ClInclude Include="IPlayerObserver.h">
      <Filter>Player</Filter>
    </ClInclude>
    <ClInclude Include="ObservableValue.h">
      <Filter>헤더 파일</Filter>
    </ClInclude>
    <ClInclude Include="Weapon.h">
      <Filter>Item</Filter>
    </ClInclude>
    <ClInclude Include="IPlayerObserver.h" />
    <ClInclude Include="ObservableValue.h" />
    <ClInclude Include="LobbyScene.h">
      <Filter>Scene</Filter>
    </ClInclude>
    <ClInclude Include="Tilemap.h">
      <Filter>TileSystem</Filter>
    </ClInclude>
    <ClInclude Include="Trap.h">
      <Filter>TileSystem</Filter>
    </ClInclude>
    <ClInclude Include="TilemapGenerator.h">
      <Filter>TileSystem</Filter>
    </ClInclude>
    <ClInclude Include="MonsterManager.h">
      <Filter>Monster</Filter>
    </ClInclude>
    <ClInclude Include="TileItem.h">
      <Filter>Item</Filter>
    </ClInclude>
    <ClInclude Include="Weapon.h">
      <Filter>Item</Filter>
    </ClInclude>
    <ClInclude Include="WeaponMaterial.h">
      <Filter>Item</Filter>
    </ClInclude>
    <ClInclude Include="ItemGold.h">
      <Filter>Item</Filter>
    </ClInclude>
    <ClInclude Include="ItemBomb.h">
      <Filter>Item</Filter>
    </ClInclude>
    <ClInclude Include="ItemSpawner.h">
      <Filter>Item</Filter>
    </ClInclude>
  </ItemGroup>
  <ItemGroup>
    <Filter Include="2D Framework">
      <UniqueIdentifier>{3cbd576d-b105-42c6-9b3a-a5a5b0396120}</UniqueIdentifier>
    </Filter>
    <Filter Include="Scene">
      <UniqueIdentifier>{6bfd69e9-2219-47e6-afd6-3116bc81c3c4}</UniqueIdentifier>
    </Filter>
    <Filter Include="Player">
      <UniqueIdentifier>{b1bc16fa-e9c8-44d2-86b8-9fbfcd521555}</UniqueIdentifier>
    </Filter>
    <Filter Include="Monster">
      <UniqueIdentifier>{02bf4d56-411d-447c-81ec-c7b4964315a9}</UniqueIdentifier>
    </Filter>
    <Filter Include="InputSystem &amp; UI">
      <UniqueIdentifier>{b0074f36-94bf-4889-acd6-453e3cd3036b}</UniqueIdentifier>
    </Filter>
    <Filter Include="헤더 파일">
      <UniqueIdentifier>{2c2840ba-8e18-4e00-a3ca-7836a9a92981}</UniqueIdentifier>
    </Filter>
    <Filter Include="소스 파일">
      <UniqueIdentifier>{35224445-7bcc-4055-9784-c751c402af6a}</UniqueIdentifier>
    </Filter>
    <Filter Include="Event">
      <UniqueIdentifier>{f95fe28e-ad92-4e17-963c-bfbacc976340}</UniqueIdentifier>
    </Filter>
    <Filter Include="TileSystem">
      <UniqueIdentifier>{174d20bd-4004-4934-8bda-148319679eaf}</UniqueIdentifier>
    </Filter>
    <Filter Include="InputSystem &amp; UI\UI">
      <UniqueIdentifier>{b9adaf7d-7702-426f-92d4-70aa0cb806df}</UniqueIdentifier>
    </Filter>
    <Filter Include="InputSystem &amp; UI\UI\BeatMarker">
      <UniqueIdentifier>{02624fd1-0262-4caf-91ab-f28cf4881a84}</UniqueIdentifier>
    </Filter>
    <Filter Include="Item">
      <UniqueIdentifier>{13233eb5-16f7-44f1-9133-946380d77cd9}</UniqueIdentifier>
    </Filter>
  </ItemGroup>
</Project>